// !$*UTF8*$!
{
	archiveVersion = 1;
	classes = {
	};
	objectVersion = 46;
	objects = {

/* Begin PBXBuildFile section */
		F231F6871DBBB08700B5718D /* AppDelegate.swift in Sources */ = {isa = PBXBuildFile; fileRef = F231F6861DBBB08700B5718D /* AppDelegate.swift */; };
		F231F6891DBBB08700B5718D /* ViewController.swift in Sources */ = {isa = PBXBuildFile; fileRef = F231F6881DBBB08700B5718D /* ViewController.swift */; };
		F231F68C1DBBB08700B5718D /* Main.storyboard in Resources */ = {isa = PBXBuildFile; fileRef = F231F68A1DBBB08700B5718D /* Main.storyboard */; };
		F231F68E1DBBB08700B5718D /* Assets.xcassets in Resources */ = {isa = PBXBuildFile; fileRef = F231F68D1DBBB08700B5718D /* Assets.xcassets */; };
		F231F6911DBBB08700B5718D /* LaunchScreen.storyboard in Resources */ = {isa = PBXBuildFile; fileRef = F231F68F1DBBB08700B5718D /* LaunchScreen.storyboard */; };
/* End PBXBuildFile section */

/* Begin PBXFileReference section */
		F231F6831DBBB08700B5718D /* learniOs.app */ = {isa = PBXFileReference; explicitFileType = wrapper.application; includeInIndex = 0; path = learniOs.app; sourceTree = BUILT_PRODUCTS_DIR; };
		F231F6861DBBB08700B5718D /* AppDelegate.swift */ = {isa = PBXFileReference; lastKnownFileType = sourcecode.swift; path = AppDelegate.swift; sourceTree = "<group>"; };
		F231F6881DBBB08700B5718D /* ViewController.swift */ = {isa = PBXFileReference; lastKnownFileType = sourcecode.swift; path = ViewController.swift; sourceTree = "<group>"; };
		F231F68B1DBBB08700B5718D /* Base */ = {isa = PBXFileReference; lastKnownFileType = file.storyboard; name = Base; path = Base.lproj/Main.storyboard; sourceTree = "<group>"; };
		F231F68D1DBBB08700B5718D /* Assets.xcassets */ = {isa = PBXFileReference; lastKnownFileType = folder.assetcatalog; path = Assets.xcassets; sourceTree = "<group>"; };
		F231F6901DBBB08700B5718D /* Base */ = {isa = PBXFileReference; lastKnownFileType = file.storyboard; name = Base; path = Base.lproj/LaunchScreen.storyboard; sourceTree = "<group>"; };
		F231F6921DBBB08700B5718D /* Info.plist */ = {isa = PBXFileReference; lastKnownFileType = text.plist.xml; path = Info.plist; sourceTree = "<group>"; };
/* End PBXFileReference section */

/* Begin PBXFrameworksBuildPhase section */
		F231F6801DBBB08700B5718D /* Frameworks */ = {
			isa = PBXFrameworksBuildPhase;
			buildActionMask = 2147483647;
			files = (
			);
			runOnlyForDeploymentPostprocessing = 0;
		};
/* End PBXFrameworksBuildPhase section */

/* Begin PBXGroup section */
		F231F67A1DBBB08600B5718D = {
			isa = PBXGroup;
			children = (
				F231F6851DBBB08700B5718D /* learniOs */,
				F231F6841DBBB08700B5718D /* Products */,
			);
			sourceTree = "<group>";
		};
		F231F6841DBBB08700B5718D /* Products */ = {
			isa = PBXGroup;
			children = (
				F231F6831DBBB08700B5718D /* learniOs.app */,
			);
			name = Products;
			sourceTree = "<group>";
		};
		F231F6851DBBB08700B5718D /* learniOs */ = {
			isa = PBXGroup;
			children = (
				F231F6861DBBB08700B5718D /* AppDelegate.swift */,
				F231F6881DBBB08700B5718D /* ViewController.swift */,
				F231F68A1DBBB08700B5718D /* Main.storyboard */,
				F231F68D1DBBB08700B5718D /* Assets.xcassets */,
				F231F68F1DBBB08700B5718D /* LaunchScreen.storyboard */,
				F231F6921DBBB08700B5718D /* Info.plist */,
			);
			path = learniOs;
			sourceTree = "<group>";
		};
/* End PBXGroup section */

/* Begin PBXNativeTarget section */
		F231F6821DBBB08700B5718D /* learniOs */ = {
			isa = PBXNativeTarget;
			buildConfigurationList = F231F6951DBBB08700B5718D /* Build configuration list for PBXNativeTarget "learniOs" */;
			buildPhases = (
				F231F67F1DBBB08700B5718D /* Sources */,
				F231F6801DBBB08700B5718D /* Frameworks */,
				F231F6811DBBB08700B5718D /* Resources */,
			);
			buildRules = (
			);
			dependencies = (
			);
			name = learniOs;
			productName = learniOs;
			productReference = F231F6831DBBB08700B5718D /* learniOs.app */;
			productType = "com.apple.product-type.application";
		};
/* End PBXNativeTarget section */

/* Begin PBXProject section */
		F231F67B1DBBB08700B5718D /* Project object */ = {
			isa = PBXProject;
			attributes = {
				LastSwiftUpdateCheck = 0800;
				LastUpgradeCheck = 0800;
				ORGANIZATIONNAME = co4us;
				TargetAttributes = {
					F231F6821DBBB08700B5718D = {
						CreatedOnToolsVersion = 8.0;
						ProvisioningStyle = Automatic;
					};
				};
			};
			buildConfigurationList = F231F67E1DBBB08700B5718D /* Build configuration list for PBXProject "learniOs" */;
			compatibilityVersion = "Xcode 3.2";
			developmentRegion = English;
			hasScannedForEncodings = 0;
			knownRegions = (
				en,
				Base,
			);
			mainGroup = F231F67A1DBBB08600B5718D;
			productRefGroup = F231F6841DBBB08700B5718D /* Products */;
			projectDirPath = "";
			projectRoot = "";
			targets = (
				F231F6821DBBB08700B5718D /* learniOs */,
			);
		};
/* End PBXProject section */

/* Begin PBXResourcesBuildPhase section */
		F231F6811DBBB08700B5718D /* Resources */ = {
			isa = PBXResourcesBuildPhase;
			buildActionMask = 2147483647;
			files = (
				F231F6911DBBB08700B5718D /* LaunchScreen.storyboard in Resources */,
				F231F68E1DBBB08700B5718D /* Assets.xcassets in Resources */,
				F231F68C1DBBB08700B5718D /* Main.storyboard in Resources */,
			);
			runOnlyForDeploymentPostprocessing = 0;
		};
/* End PBXResourcesBuildPhase section */

/* Begin PBXSourcesBuildPhase section */
		F231F67F1DBBB08700B5718D /* Sources */ = {
			isa = PBXSourcesBuildPhase;
			buildActionMask = 2147483647;
			files = (
				F231F6891DBBB08700B5718D /* ViewController.swift in Sources */,
				F231F6871DBBB08700B5718D /* AppDelegate.swift in Sources */,
			);
			runOnlyForDeploymentPostprocessing = 0;
		};
/* End PBXSourcesBuildPhase section */

/* Begin PBXVariantGroup section */
		F231F68A1DBBB08700B5718D /* Main.storyboard */ = {
			isa = PBXVariantGroup;
			children = (
				F231F68B1DBBB08700B5718D /* Base */,
			);
			name = Main.storyboard;
			sourceTree = "<group>";
		};
		F231F68F1DBBB08700B5718D /* LaunchScreen.storyboard */ = {
			isa = PBXVariantGroup;
			children = (
				F231F6901DBBB08700B5718D /* Base */,
			);
			name = LaunchScreen.storyboard;
			sourceTree = "<group>";
		};
/* End PBXVariantGroup section */

/* Begin XCBuildConfiguration section */
		F231F6931DBBB08700B5718D /* Debug */ = {
			isa = XCBuildConfiguration;
			buildSettings = {
				ALWAYS_SEARCH_USER_PATHS = NO;
				CLANG_ANALYZER_NONNULL = YES;
				CLANG_CXX_LANGUAGE_STANDARD = "gnu++0x";
				CLANG_CXX_LIBRARY = "libc++";
				CLANG_ENABLE_MODULES = YES;
				CLANG_ENABLE_OBJC_ARC = YES;
				CLANG_WARN_BOOL_CONVERSION = YES;
				CLANG_WARN_CONSTANT_CONVERSION = YES;
				CLANG_WARN_DIRECT_OBJC_ISA_USAGE = YES_ERROR;
				CLANG_WARN_DOCUMENTATION_COMMENTS = YES;
				CLANG_WARN_EMPTY_BODY = YES;
				CLANG_WARN_ENUM_CONVERSION = YES;
				CLANG_WARN_INFINITE_RECURSION = YES;
				CLANG_WARN_INT_CONVERSION = YES;
				CLANG_WARN_OBJC_ROOT_CLASS = YES_ERROR;
				CLANG_WARN_SUSPICIOUS_MOVES = YES;
				CLANG_WARN_UNREACHABLE_CODE = YES;
				CLANG_WARN__DUPLICATE_METHOD_MATCH = YES;
				"CODE_SIGN_IDENTITY[sdk=iphoneos*]" = "iPhone Developer";
				COPY_PHASE_STRIP = NO;
				DEBUG_INFORMATION_FORMAT = dwarf;
				ENABLE_STRICT_OBJC_MSGSEND = YES;
				ENABLE_TESTABILITY = YES;
				GCC_C_LANGUAGE_STANDARD = gnu99;
				GCC_DYNAMIC_NO_PIC = NO;
				GCC_NO_COMMON_BLOCKS = YES;
				GCC_OPTIMIZATION_LEVEL = 0;
				GCC_PREPROCESSOR_DEFINITIONS = (
					"DEBUG=1",
					"$(inherited)",
				);
				GCC_WARN_64_TO_32_BIT_CONVERSION = YES;
				GCC_WARN_ABOUT_RETURN_TYPE = YES_ERROR;
				GCC_WARN_UNDECLARED_SELECTOR = YES;
				GCC_WARN_UNINITIALIZED_AUTOS = YES_AGGRESSIVE;
				GCC_WARN_UNUSED_FUNCTION = YES;
				GCC_WARN_UNUSED_VARIABLE = YES;
				IPHONEOS_DEPLOYMENT_TARGET = 10.0;
				MTL_ENABLE_DEBUG_INFO = YES;
				ONLY_ACTIVE_ARCH = YES;
				SDKROOT = iphoneos;
				SWIFT_ACTIVE_COMPILATION_CONDITIONS = DEBUG;
				SWIFT_OPTIMIZATION_LEVEL = "-Onone";
				TARGETED_DEVICE_FAMILY = "1,2";
			};
			name = Debug;
		};
		F231F6941DBBB08700B5718D /* Release */ = {
			isa = XCBuildConfiguration;
			buildSettings = {
				ALWAYS_SEARCH_USER_PATHS = NO;
				CLANG_ANALYZER_NONNULL = YES;
				CLANG_CXX_LANGUAGE_STANDARD = "gnu++0x";
				CLANG_CXX_LIBRARY = "libc++";
				CLANG_ENABLE_MODULES = YES;
				CLANG_ENABLE_OBJC_ARC = YES;
				CLANG_WARN_BOOL_CONVERSION = YES;
				CLANG_WARN_CONSTANT_CONVERSION = YES;
				CLANG_WARN_DIRECT_OBJC_ISA_USAGE = YES_ERROR;
				CLANG_WARN_DOCUMENTATION_COMMENTS = YES;
				CLANG_WARN_EMPTY_BODY = YES;
				CLANG_WARN_ENUM_CONVERSION = YES;
				CLANG_WARN_INFINITE_RECURSION = YES;
				CLANG_WARN_INT_CONVERSION = YES;
				CLANG_WARN_OBJC_ROOT_CLASS = YES_ERROR;
				CLANG_WARN_SUSPICIOUS_MOVES = YES;
				CLANG_WARN_UNREACHABLE_CODE = YES;
				CLANG_WARN__DUPLICATE_METHOD_MATCH = YES;
				"CODE_SIGN_IDENTITY[sdk=iphoneos*]" = "iPhone Developer";
				COPY_PHASE_STRIP = NO;
				DEBUG_INFORMATION_FORMAT = "dwarf-with-dsym";
				ENABLE_NS_ASSERTIONS = NO;
				ENABLE_STRICT_OBJC_MSGSEND = YES;
				GCC_C_LANGUAGE_STANDARD = gnu99;
				GCC_NO_COMMON_BLOCKS = YES;
				GCC_WARN_64_TO_32_BIT_CONVERSION = YES;
				GCC_WARN_ABOUT_RETURN_TYPE = YES_ERROR;
				GCC_WARN_UNDECLARED_SELECTOR = YES;
				GCC_WARN_UNINITIALIZED_AUTOS = YES_AGGRESSIVE;
				GCC_WARN_UNUSED_FUNCTION = YES;
				GCC_WARN_UNUSED_VARIABLE = YES;
				IPHONEOS_DEPLOYMENT_TARGET = 10.0;
				MTL_ENABLE_DEBUG_INFO = NO;
				SDKROOT = iphoneos;
				SWIFT_OPTIMIZATION_LEVEL = "-Owholemodule";
				TARGETED_DEVICE_FAMILY = "1,2";
				VALIDATE_PRODUCT = YES;
			};
			name = Release;
		};
		F231F6961DBBB08700B5718D /* Debug */ = {
			isa = XCBuildConfiguration;
			buildSettings = {
				ASSETCATALOG_COMPILER_APPICON_NAME = AppIcon;
				INFOPLIST_FILE = learniOs/Info.plist;
				LD_RUNPATH_SEARCH_PATHS = "$(inherited) @executable_path/Frameworks";
				PRODUCT_BUNDLE_IDENTIFIER = com.co4us.learniOs;
				PRODUCT_NAME = "$(TARGET_NAME)";
				SWIFT_VERSION = 3.0;
			};
			name = Debug;
		};
		F231F6971DBBB08700B5718D /* Release */ = {
			isa = XCBuildConfiguration;
			buildSettings = {
				ASSETCATALOG_COMPILER_APPICON_NAME = AppIcon;
				INFOPLIST_FILE = learniOs/Info.plist;
				LD_RUNPATH_SEARCH_PATHS = "$(inherited) @executable_path/Frameworks";
				PRODUCT_BUNDLE_IDENTIFIER = com.co4us.learniOs;
				PRODUCT_NAME = "$(TARGET_NAME)";
				SWIFT_VERSION = 3.0;
			};
			name = Release;
		};
/* End XCBuildConfiguration section */

/* Begin XCConfigurationList section */
		F231F67E1DBBB08700B5718D /* Build configuration list for PBXProject "learniOs" */ = {
			isa = XCConfigurationList;
			buildConfigurations = (
				F231F6931DBBB08700B5718D /* Debug */,
				F231F6941DBBB08700B5718D /* Release */,
			);
			defaultConfigurationIsVisible = 0;
			defaultConfigurationName = Release;
		};
		F231F6951DBBB08700B5718D /* Build configuration list for PBXNativeTarget "learniOs" */ = {
			isa = XCConfigurationList;
			buildConfigurations = (
				F231F6961DBBB08700B5718D /* Debug */,
				F231F6971DBBB08700B5718D /* Release */,
			);
			defaultConfigurationIsVisible = 0;
		};
/* End XCConfigurationList section */
	};
	rootObject = F231F67B1DBBB08700B5718D /* Project object */;
}
